
Microsoft Visual Studio Solution File, Format Version 11.00
# Visual Studio 2010
Project("{FAE04EC0-301F-11D3-BF4B-00C04F79EFBC}") = "Core", "Core\Core.csproj", "{8CB5B186-8F99-4E29-ACD0-1579A8B7D998}"
EndProject
Project("{FAE04EC0-301F-11D3-BF4B-00C04F79EFBC}") = "Core.SpecFlow", "Core.SpecFlow\Core.SpecFlow.csproj", "{7941BBEB-9AAC-4E11-AE1E-6E46F2D21245}"
EndProject
Project("{FAE04EC0-301F-11D3-BF4B-00C04F79EFBC}") = "ConsoleClient", "Console\ConsoleClient.csproj", "{615EC172-CEE0-43EE-94DF-B8BCEC7B54EE}"
EndProject
Project("{FAE04EC0-301F-11D3-BF4B-00C04F79EFBC}") = "Core.UnitTest", "Core.UnitTest\Core.UnitTest.csproj", "{D42C7ED1-7A8F-4DA3-B244-153A622675B1}"
EndProject
Global
	GlobalSection(SolutionConfigurationPlatforms) = preSolution
		Debug|Any CPU = Debug|Any CPU
		Debug|Mixed Platforms = Debug|Mixed Platforms
		Debug|x86 = Debug|x86
		Release|Any CPU = Release|Any CPU
		Release|Mixed Platforms = Release|Mixed Platforms
		Release|x86 = Release|x86
	EndGlobalSection
	GlobalSection(ProjectConfigurationPlatforms) = postSolution
		{8CB5B186-8F99-4E29-ACD0-1579A8B7D998}.Debug|Any CPU.ActiveCfg = Debug|Any CPU
		{8CB5B186-8F99-4E29-ACD0-1579A8B7D998}.Debug|Any CPU.Build.0 = Debug|Any CPU
		{8CB5B186-8F99-4E29-ACD0-1579A8B7D998}.Debug|Mixed Platforms.ActiveCfg = Debug|Any CPU
		{8CB5B186-8F99-4E29-ACD0-1579A8B7D998}.Debug|Mixed Platforms.Build.0 = Debug|Any CPU
		{8CB5B186-8F99-4E29-ACD0-1579A8B7D998}.Debug|x86.ActiveCfg = Debug|Any CPU
		{8CB5B186-8F99-4E29-ACD0-1579A8B7D998}.Release|Any CPU.ActiveCfg = Release|Any CPU
		{8CB5B186-8F99-4E29-ACD0-1579A8B7D998}.Release|Any CPU.Build.0 = Release|Any CPU
		{8CB5B186-8F99-4E29-ACD0-1579A8B7D998}.Release|Mixed Platforms.ActiveCfg = Release|Any CPU
		{8CB5B186-8F99-4E29-ACD0-1579A8B7D998}.Release|Mixed Platforms.Build.0 = Release|Any CPU
		{8CB5B186-8F99-4E29-ACD0-1579A8B7D998}.Release|x86.ActiveCfg = Release|Any CPU
		{7941BBEB-9AAC-4E11-AE1E-6E46F2D21245}.Debug|Any CPU.ActiveCfg = Debug|Any CPU
		{7941BBEB-9AAC-4E11-AE1E-6E46F2D21245}.Debug|Any CPU.Build.0 = Debug|Any CPU
		{7941BBEB-9AAC-4E11-AE1E-6E46F2D21245}.Debug|Mixed Platforms.ActiveCfg = Debug|Any CPU
		{7941BBEB-9AAC-4E11-AE1E-6E46F2D21245}.Debug|Mixed Platforms.Build.0 = Debug|Any CPU
		{7941BBEB-9AAC-4E11-AE1E-6E46F2D21245}.Debug|x86.ActiveCfg = Debug|Any CPU
		{7941BBEB-9AAC-4E11-AE1E-6E46F2D21245}.Release|Any CPU.ActiveCfg = Release|Any CPU
		{7941BBEB-9AAC-4E11-AE1E-6E46F2D21245}.Release|Any CPU.Build.0 = Release|Any CPU
		{7941BBEB-9AAC-4E11-AE1E-6E46F2D21245}.Release|Mixed Platforms.ActiveCfg = Release|Any CPU
		{7941BBEB-9AAC-4E11-AE1E-6E46F2D21245}.Release|Mixed Platforms.Build.0 = Release|Any CPU
		{7941BBEB-9AAC-4E11-AE1E-6E46F2D21245}.Release|x86.ActiveCfg = Release|Any CPU
		{615EC172-CEE0-43EE-94DF-B8BCEC7B54EE}.Debug|Any CPU.ActiveCfg = Debug|x86
		{615EC172-CEE0-43EE-94DF-B8BCEC7B54EE}.Debug|Mixed Platforms.ActiveCfg = Debug|x86
		{615EC172-CEE0-43EE-94DF-B8BCEC7B54EE}.Debug|Mixed Platforms.Build.0 = Debug|x86
		{615EC172-CEE0-43EE-94DF-B8BCEC7B54EE}.Debug|x86.ActiveCfg = Debug|x86
		{615EC172-CEE0-43EE-94DF-B8BCEC7B54EE}.Debug|x86.Build.0 = Debug|x86
		{615EC172-CEE0-43EE-94DF-B8BCEC7B54EE}.Release|Any CPU.ActiveCfg = Release|x86
		{615EC172-CEE0-43EE-94DF-B8BCEC7B54EE}.Release|Mixed Platforms.ActiveCfg = Release|x86
		{615EC172-CEE0-43EE-94DF-B8BCEC7B54EE}.Release|Mixed Platforms.Build.0 = Release|x86
		{615EC172-CEE0-43EE-94DF-B8BCEC7B54EE}.Release|x86.ActiveCfg = Release|x86
		{615EC172-CEE0-43EE-94DF-B8BCEC7B54EE}.Release|x86.Build.0 = Release|x86
		{D42C7ED1-7A8F-4DA3-B244-153A622675B1}.Debug|Any CPU.ActiveCfg = Debug|Any CPU
		{D42C7ED1-7A8F-4DA3-B244-153A622675B1}.Debug|Any CPU.Build.0 = Debug|Any CPU
		{D42C7ED1-7A8F-4DA3-B244-153A622675B1}.Debug|Mixed Platforms.ActiveCfg = Debug|Any CPU
		{D42C7ED1-7A8F-4DA3-B244-153A622675B1}.Debug|Mixed Platforms.Build.0 = Debug|Any CPU
		{D42C7ED1-7A8F-4DA3-B244-153A622675B1}.Debug|x86.ActiveCfg = Debug|Any CPU
		{D42C7ED1-7A8F-4DA3-B244-153A622675B1}.Release|Any CPU.ActiveCfg = Release|Any CPU
		{D42C7ED1-7A8F-4DA3-B244-153A622675B1}.Release|Any CPU.Build.0 = Release|Any CPU
		{D42C7ED1-7A8F-4DA3-B244-153A622675B1}.Release|Mixed Platforms.ActiveCfg = Release|Any CPU
		{D42C7ED1-7A8F-4DA3-B244-153A622675B1}.Release|Mixed Platforms.Build.0 = Release|Any CPU
		{D42C7ED1-7A8F-4DA3-B244-153A622675B1}.Release|x86.ActiveCfg = Release|Any CPU
	EndGlobalSection
	GlobalSection(SolutionProperties) = preSolution
		HideSolutionNode = FALSE
	EndGlobalSection
EndGlobal
